
Microsoft Visual Studio Solution File, Format Version 12.00
# Visual Studio Version 16
VisualStudioVersion = 16.0.31112.23
MinimumVisualStudioVersion = 10.0.40219.1
Project("{FAE04EC0-301F-11D3-BF4B-00C04F79EFBC}") = "ArtStoreShop", "ArtStoreShop\ArtStoreShop.csproj", "{4FAFD8E3-94D0-4F3F-832A-29D4580B46A3}"
EndProject
Global
	GlobalSection(SolutionConfigurationPlatforms) = preSolution
		Debug|Any CPU = Debug|Any CPU
		Release|Any CPU = Release|Any CPU
	EndGlobalSection
	GlobalSection(ProjectConfigurationPlatforms) = postSolution
		{4FAFD8E3-94D0-4F3F-832A-29D4580B46A3}.Debug|Any CPU.ActiveCfg = Debug|Any CPU
		{4FAFD8E3-94D0-4F3F-832A-29D4580B46A3}.Debug|Any CPU.Build.0 = Debug|Any CPU
		{4FAFD8E3-94D0-4F3F-832A-29D4580B46A3}.Release|Any CPU.ActiveCfg = Release|Any CPU
		{4FAFD8E3-94D0-4F3F-832A-29D4580B46A3}.Release|Any CPU.Build.0 = Release|Any CPU
	EndGlobalSection
	GlobalSection(SolutionProperties) = preSolution
		HideSolutionNode = FALSE
	EndGlobalSection
	GlobalSection(ExtensibilityGlobals) = postSolution
		SolutionGuid = {12ABC1FE-F431-45F9-BA1F-FB11691598E3}
	EndGlobalSection
EndGlobal
